
Microsoft Visual Studio Solution File, Format Version 12.00
# Visual Studio Version 16
VisualStudioVersion = 16.0.29926.136
MinimumVisualStudioVersion = 10.0.40219.1
Project("{FAE04EC0-301F-11D3-BF4B-00C04F79EFBC}") = "Gen3", "Gen3\Gen3.csproj", "{1AD8CC35-99DD-4A73-A15E-E0617B0A915A}"
EndProject
Project("{FAE04EC0-301F-11D3-BF4B-00C04F79EFBC}") = "Tests", "Tests\Tests.csproj", "{DACBE8C3-D9DF-48ED-885C-D7779300F44A}"
EndProject
Project("{FAE04EC0-301F-11D3-BF4B-00C04F79EFBC}") = "Toolbox", "Toolbox\Toolbox.csproj", "{AFFB0AC8-DAB5-4900-AD7C-55F0ADB93E2B}"
EndProject
Global
	GlobalSection(SolutionConfigurationPlatforms) = preSolution
		Debug|Any CPU = Debug|Any CPU
		Release|Any CPU = Release|Any CPU
	EndGlobalSection
	GlobalSection(ProjectConfigurationPlatforms) = postSolution
		{1AD8CC35-99DD-4A73-A15E-E0617B0A915A}.Debug|Any CPU.ActiveCfg = Debug|Any CPU
		{1AD8CC35-99DD-4A73-A15E-E0617B0A915A}.Debug|Any CPU.Build.0 = Debug|Any CPU
		{1AD8CC35-99DD-4A73-A15E-E0617B0A915A}.Release|Any CPU.ActiveCfg = Release|Any CPU
		{1AD8CC35-99DD-4A73-A15E-E0617B0A915A}.Release|Any CPU.Build.0 = Release|Any CPU
		{DACBE8C3-D9DF-48ED-885C-D7779300F44A}.Debug|Any CPU.ActiveCfg = Debug|Any CPU
		{DACBE8C3-D9DF-48ED-885C-D7779300F44A}.Debug|Any CPU.Build.0 = Debug|Any CPU
		{DACBE8C3-D9DF-48ED-885C-D7779300F44A}.Release|Any CPU.ActiveCfg = Release|Any CPU
		{DACBE8C3-D9DF-48ED-885C-D7779300F44A}.Release|Any CPU.Build.0 = Release|Any CPU
		{AFFB0AC8-DAB5-4900-AD7C-55F0ADB93E2B}.Debug|Any CPU.ActiveCfg = Debug|Any CPU
		{AFFB0AC8-DAB5-4900-AD7C-55F0ADB93E2B}.Debug|Any CPU.Build.0 = Debug|Any CPU
		{AFFB0AC8-DAB5-4900-AD7C-55F0ADB93E2B}.Release|Any CPU.ActiveCfg = Release|Any CPU
		{AFFB0AC8-DAB5-4900-AD7C-55F0ADB93E2B}.Release|Any CPU.Build.0 = Release|Any CPU
	EndGlobalSection
	GlobalSection(SolutionProperties) = preSolution
		HideSolutionNode = FALSE
	EndGlobalSection
	GlobalSection(ExtensibilityGlobals) = postSolution
		SolutionGuid = {AA608E92-1D7D-4BE0-B236-FF7573C9A446}
	EndGlobalSection
EndGlobal
